
Microsoft Visual Studio Solution File, Format Version 11.00
# Visual Studio 2010
Project("{FAE04EC0-301F-11D3-BF4B-00C04F79EFBC}") = "Assembly-CSharp", "Assembly-CSharp.csproj", "{DA3EBC82-3D22-FF36-D1A9-AD1CE4AF8E7A}"
EndProject
Project("{FAE04EC0-301F-11D3-BF4B-00C04F79EFBC}") = "Assembly-CSharp-firstpass", "Assembly-CSharp-firstpass.csproj", "{0963AE90-6FA8-FB76-153C-81F66C7B1613}"
EndProject
Project("{FAE04EC0-301F-11D3-BF4B-00C04F79EFBC}") = "Assembly-CSharp-Editor-firstpass", "Assembly-CSharp-Editor-firstpass.csproj", "{81B15C0E-3F40-786F-77D7-F60D777A96D8}"
EndProject
Project("{FAE04EC0-301F-11D3-BF4B-00C04F79EFBC}") = "Assembly-CSharp-Editor", "Assembly-CSharp-Editor.csproj", "{CCCADC55-C444-DDA6-FA1A-5804076F8E9A}"
EndProject
Global
	GlobalSection(SolutionConfigurationPlatforms) = preSolution
		Debug|Any CPU = Debug|Any CPU
		Release|Any CPU = Release|Any CPU
	EndGlobalSection
	GlobalSection(ProjectConfigurationPlatforms) = postSolution
		{DA3EBC82-3D22-FF36-D1A9-AD1CE4AF8E7A}.Debug|Any CPU.ActiveCfg = Debug|Any CPU
		{DA3EBC82-3D22-FF36-D1A9-AD1CE4AF8E7A}.Debug|Any CPU.Build.0 = Debug|Any CPU
		{DA3EBC82-3D22-FF36-D1A9-AD1CE4AF8E7A}.Release|Any CPU.ActiveCfg = Release|Any CPU
		{DA3EBC82-3D22-FF36-D1A9-AD1CE4AF8E7A}.Release|Any CPU.Build.0 = Release|Any CPU
		{0963AE90-6FA8-FB76-153C-81F66C7B1613}.Debug|Any CPU.ActiveCfg = Debug|Any CPU
		{0963AE90-6FA8-FB76-153C-81F66C7B1613}.Debug|Any CPU.Build.0 = Debug|Any CPU
		{0963AE90-6FA8-FB76-153C-81F66C7B1613}.Release|Any CPU.ActiveCfg = Release|Any CPU
		{0963AE90-6FA8-FB76-153C-81F66C7B1613}.Release|Any CPU.Build.0 = Release|Any CPU
		{81B15C0E-3F40-786F-77D7-F60D777A96D8}.Debug|Any CPU.ActiveCfg = Debug|Any CPU
		{81B15C0E-3F40-786F-77D7-F60D777A96D8}.Debug|Any CPU.Build.0 = Debug|Any CPU
		{81B15C0E-3F40-786F-77D7-F60D777A96D8}.Release|Any CPU.ActiveCfg = Release|Any CPU
		{81B15C0E-3F40-786F-77D7-F60D777A96D8}.Release|Any CPU.Build.0 = Release|Any CPU
		{CCCADC55-C444-DDA6-FA1A-5804076F8E9A}.Debug|Any CPU.ActiveCfg = Debug|Any CPU
		{CCCADC55-C444-DDA6-FA1A-5804076F8E9A}.Debug|Any CPU.Build.0 = Debug|Any CPU
		{CCCADC55-C444-DDA6-FA1A-5804076F8E9A}.Release|Any CPU.ActiveCfg = Release|Any CPU
		{CCCADC55-C444-DDA6-FA1A-5804076F8E9A}.Release|Any CPU.Build.0 = Release|Any CPU
	EndGlobalSection
	GlobalSection(SolutionProperties) = preSolution
		HideSolutionNode = FALSE
	EndGlobalSection
EndGlobal
